// !$*UTF8*$!
{
	archiveVersion = 1;
	classes = {
	};
	objectVersion = 50;
	objects = {

/* Begin PBXBuildFile section */
		3F569033253E14E4006733A8 /* AppDelegate.swift in Sources */ = {isa = PBXBuildFile; fileRef = 3F569032253E14E4006733A8 /* AppDelegate.swift */; };
		3F569035253E14E4006733A8 /* SceneDelegate.swift in Sources */ = {isa = PBXBuildFile; fileRef = 3F569034253E14E4006733A8 /* SceneDelegate.swift */; };
		3F569037253E14E4006733A8 /* ViewController.swift in Sources */ = {isa = PBXBuildFile; fileRef = 3F569036253E14E4006733A8 /* ViewController.swift */; };
		3F56903A253E14E4006733A8 /* Main.storyboard in Resources */ = {isa = PBXBuildFile; fileRef = 3F569038253E14E4006733A8 /* Main.storyboard */; };
		3F56903C253E14E5006733A8 /* Assets.xcassets in Resources */ = {isa = PBXBuildFile; fileRef = 3F56903B253E14E5006733A8 /* Assets.xcassets */; };
		3F56903F253E14E5006733A8 /* LaunchScreen.storyboard in Resources */ = {isa = PBXBuildFile; fileRef = 3F56903D253E14E5006733A8 /* LaunchScreen.storyboard */; };
		3F56904D253E1594006733A8 /* DogAPI.swift in Sources */ = {isa = PBXBuildFile; fileRef = 3F56904C253E1594006733A8 /* DogAPI.swift */; };
		3F569050253E1DC7006733A8 /* DogImage.swift in Sources */ = {isa = PBXBuildFile; fileRef = 3F56904F253E1DC7006733A8 /* DogImage.swift */; };
		BC989666254AB069000D6450 /* BreedsList.swift in Sources */ = {isa = PBXBuildFile; fileRef = BC989665254AB069000D6450 /* BreedsList.swift */; };
/* End PBXBuildFile section */

/* Begin PBXFileReference section */
		3F56902F253E14E4006733A8 /* DogFetchTest.app */ = {isa = PBXFileReference; explicitFileType = wrapper.application; includeInIndex = 0; path = DogFetchTest.app; sourceTree = BUILT_PRODUCTS_DIR; };
		3F569032253E14E4006733A8 /* AppDelegate.swift */ = {isa = PBXFileReference; lastKnownFileType = sourcecode.swift; path = AppDelegate.swift; sourceTree = "<group>"; };
		3F569034253E14E4006733A8 /* SceneDelegate.swift */ = {isa = PBXFileReference; lastKnownFileType = sourcecode.swift; path = SceneDelegate.swift; sourceTree = "<group>"; };
		3F569036253E14E4006733A8 /* ViewController.swift */ = {isa = PBXFileReference; lastKnownFileType = sourcecode.swift; path = ViewController.swift; sourceTree = "<group>"; };
		3F569039253E14E4006733A8 /* Base */ = {isa = PBXFileReference; lastKnownFileType = file.storyboard; name = Base; path = Base.lproj/Main.storyboard; sourceTree = "<group>"; };
		3F56903B253E14E5006733A8 /* Assets.xcassets */ = {isa = PBXFileReference; lastKnownFileType = folder.assetcatalog; path = Assets.xcassets; sourceTree = "<group>"; };
		3F56903E253E14E5006733A8 /* Base */ = {isa = PBXFileReference; lastKnownFileType = file.storyboard; name = Base; path = Base.lproj/LaunchScreen.storyboard; sourceTree = "<group>"; };
		3F569040253E14E5006733A8 /* Info.plist */ = {isa = PBXFileReference; lastKnownFileType = text.plist.xml; path = Info.plist; sourceTree = "<group>"; };
		3F56904C253E1594006733A8 /* DogAPI.swift */ = {isa = PBXFileReference; lastKnownFileType = sourcecode.swift; path = DogAPI.swift; sourceTree = "<group>"; };
		3F56904F253E1DC7006733A8 /* DogImage.swift */ = {isa = PBXFileReference; lastKnownFileType = sourcecode.swift; path = DogImage.swift; sourceTree = "<group>"; };
		BC989665254AB069000D6450 /* BreedsList.swift */ = {isa = PBXFileReference; lastKnownFileType = sourcecode.swift; path = BreedsList.swift; sourceTree = "<group>"; };
/* End PBXFileReference section */

/* Begin PBXFrameworksBuildPhase section */
		3F56902C253E14E4006733A8 /* Frameworks */ = {
			isa = PBXFrameworksBuildPhase;
			buildActionMask = 2147483647;
			files = (
			);
			runOnlyForDeploymentPostprocessing = 0;
		};
/* End PBXFrameworksBuildPhase section */

/* Begin PBXGroup section */
		3F569026253E14E4006733A8 = {
			isa = PBXGroup;
			children = (
				3F569031253E14E4006733A8 /* DogFetchTest */,
				3F569030253E14E4006733A8 /* Products */,
			);
			sourceTree = "<group>";
		};
		3F569030253E14E4006733A8 /* Products */ = {
			isa = PBXGroup;
			children = (
				3F56902F253E14E4006733A8 /* DogFetchTest.app */,
			);
			name = Products;
			sourceTree = "<group>";
		};
		3F569031253E14E4006733A8 /* DogFetchTest */ = {
			isa = PBXGroup;
			children = (
				3F56904B253E1585006733A8 /* Model */,
				3F569048253E1510006733A8 /* Controller */,
				3F569047253E1506006733A8 /* View */,
				3F569040253E14E5006733A8 /* Info.plist */,
			);
			path = DogFetchTest;
			sourceTree = "<group>";
		};
		3F569047253E1506006733A8 /* View */ = {
			isa = PBXGroup;
			children = (
				3F569038253E14E4006733A8 /* Main.storyboard */,
				3F56903B253E14E5006733A8 /* Assets.xcassets */,
				3F56903D253E14E5006733A8 /* LaunchScreen.storyboard */,
			);
			path = View;
			sourceTree = "<group>";
		};
		3F569048253E1510006733A8 /* Controller */ = {
			isa = PBXGroup;
			children = (
				3F569034253E14E4006733A8 /* SceneDelegate.swift */,
				3F569032253E14E4006733A8 /* AppDelegate.swift */,
				3F569036253E14E4006733A8 /* ViewController.swift */,
			);
			path = Controller;
			sourceTree = "<group>";
		};
		3F56904B253E1585006733A8 /* Model */ = {
			isa = PBXGroup;
			children = (
				3F56904C253E1594006733A8 /* DogAPI.swift */,
				3F56904F253E1DC7006733A8 /* DogImage.swift */,
				BC989665254AB069000D6450 /* BreedsList.swift */,
			);
			path = Model;
			sourceTree = "<group>";
		};
/* End PBXGroup section */

/* Begin PBXNativeTarget section */
		3F56902E253E14E4006733A8 /* DogFetchTest */ = {
			isa = PBXNativeTarget;
			buildConfigurationList = 3F569043253E14E5006733A8 /* Build configuration list for PBXNativeTarget "DogFetchTest" */;
			buildPhases = (
				3F56902B253E14E4006733A8 /* Sources */,
				3F56902C253E14E4006733A8 /* Frameworks */,
				3F56902D253E14E4006733A8 /* Resources */,
			);
			buildRules = (
			);
			dependencies = (
			);
			name = DogFetchTest;
			productName = DogFetchTest;
			productReference = 3F56902F253E14E4006733A8 /* DogFetchTest.app */;
			productType = "com.apple.product-type.application";
		};
/* End PBXNativeTarget section */

/* Begin PBXProject section */
		3F569027253E14E4006733A8 /* Project object */ = {
			isa = PBXProject;
			attributes = {
				LastSwiftUpdateCheck = 1200;
				LastUpgradeCheck = 1200;
				TargetAttributes = {
					3F56902E253E14E4006733A8 = {
						CreatedOnToolsVersion = 12.0.1;
					};
				};
			};
			buildConfigurationList = 3F56902A253E14E4006733A8 /* Build configuration list for PBXProject "DogFetchTest" */;
			compatibilityVersion = "Xcode 9.3";
			developmentRegion = en;
			hasScannedForEncodings = 0;
			knownRegions = (
				en,
				Base,
			);
			mainGroup = 3F569026253E14E4006733A8;
			productRefGroup = 3F569030253E14E4006733A8 /* Products */;
			projectDirPath = "";
			projectRoot = "";
			targets = (
				3F56902E253E14E4006733A8 /* DogFetchTest */,
			);
		};
/* End PBXProject section */

/* Begin PBXResourcesBuildPhase section */
		3F56902D253E14E4006733A8 /* Resources */ = {
			isa = PBXResourcesBuildPhase;
			buildActionMask = 2147483647;
			files = (
				3F56903F253E14E5006733A8 /* LaunchScreen.storyboard in Resources */,
				3F56903C253E14E5006733A8 /* Assets.xcassets in Resources */,
				3F56903A253E14E4006733A8 /* Main.storyboard in Resources */,
			);
			runOnlyForDeploymentPostprocessing = 0;
		};
/* End PBXResourcesBuildPhase section */

/* Begin PBXSourcesBuildPhase section */
		3F56902B253E14E4006733A8 /* Sources */ = {
			isa = PBXSourcesBuildPhase;
			buildActionMask = 2147483647;
			files = (
				3F569037253E14E4006733A8 /* ViewController.swift in Sources */,
				3F569050253E1DC7006733A8 /* DogImage.swift in Sources */,
				BC989666254AB069000D6450 /* BreedsList.swift in Sources */,
				3F569033253E14E4006733A8 /* AppDelegate.swift in Sources */,
				3F569035253E14E4006733A8 /* SceneDelegate.swift in Sources */,
				3F56904D253E1594006733A8 /* DogAPI.swift in Sources */,
			);
			runOnlyForDeploymentPostprocessing = 0;
		};
/* End PBXSourcesBuildPhase section */

/* Begin PBXVariantGroup section */
		3F569038253E14E4006733A8 /* Main.storyboard */ = {
			isa = PBXVariantGroup;
			children = (
				3F569039253E14E4006733A8 /* Base */,
			);
			name = Main.storyboard;
			sourceTree = "<group>";
		};
		3F56903D253E14E5006733A8 /* LaunchScreen.storyboard */ = {
			isa = PBXVariantGroup;
			children = (
				3F56903E253E14E5006733A8 /* Base */,
			);
			name = LaunchScreen.storyboard;
			sourceTree = "<group>";
		};
/* End PBXVariantGroup section */

/* Begin XCBuildConfiguration section */
		3F569041253E14E5006733A8 /* Debug */ = {
			isa = XCBuildConfiguration;
			buildSettings = {
				ALWAYS_SEARCH_USER_PATHS = NO;
				CLANG_ANALYZER_NONNULL = YES;
				CLANG_ANALYZER_NUMBER_OBJECT_CONVERSION = YES_AGGRESSIVE;
				CLANG_CXX_LANGUAGE_STANDARD = "gnu++14";
				CLANG_CXX_LIBRARY = "libc++";
				CLANG_ENABLE_MODULES = YES;
				CLANG_ENABLE_OBJC_ARC = YES;
				CLANG_ENABLE_OBJC_WEAK = YES;
				CLANG_WARN_BLOCK_CAPTURE_AUTORELEASING = YES;
				CLANG_WARN_BOOL_CONVERSION = YES;
				CLANG_WARN_COMMA = YES;
				CLANG_WARN_CONSTANT_CONVERSION = YES;
				CLANG_WARN_DEPRECATED_OBJC_IMPLEMENTATIONS = YES;
				CLANG_WARN_DIRECT_OBJC_ISA_USAGE = YES_ERROR;
				CLANG_WARN_DOCUMENTATION_COMMENTS = YES;
				CLANG_WARN_EMPTY_BODY = YES;
				CLANG_WARN_ENUM_CONVERSION = YES;
				CLANG_WARN_INFINITE_RECURSION = YES;
				CLANG_WARN_INT_CONVERSION = YES;
				CLANG_WARN_NON_LITERAL_NULL_CONVERSION = YES;
				CLANG_WARN_OBJC_IMPLICIT_RETAIN_SELF = YES;
				CLANG_WARN_OBJC_LITERAL_CONVERSION = YES;
				CLANG_WARN_OBJC_ROOT_CLASS = YES_ERROR;
				CLANG_WARN_QUOTED_INCLUDE_IN_FRAMEWORK_HEADER = YES;
				CLANG_WARN_RANGE_LOOP_ANALYSIS = YES;
				CLANG_WARN_STRICT_PROTOTYPES = YES;
				CLANG_WARN_SUSPICIOUS_MOVE = YES;
				CLANG_WARN_UNGUARDED_AVAILABILITY = YES_AGGRESSIVE;
				CLANG_WARN_UNREACHABLE_CODE = YES;
				CLANG_WARN__DUPLICATE_METHOD_MATCH = YES;
				COPY_PHASE_STRIP = NO;
				DEBUG_INFORMATION_FORMAT = dwarf;
				ENABLE_STRICT_OBJC_MSGSEND = YES;
				ENABLE_TESTABILITY = YES;
				GCC_C_LANGUAGE_STANDARD = gnu11;
				GCC_DYNAMIC_NO_PIC = NO;
				GCC_NO_COMMON_BLOCKS = YES;
				GCC_OPTIMIZATION_LEVEL = 0;
				GCC_PREPROCESSOR_DEFINITIONS = (
					"DEBUG=1",
					"$(inherited)",
				);
				GCC_WARN_64_TO_32_BIT_CONVERSION = YES;
				GCC_WARN_ABOUT_RETURN_TYPE = YES_ERROR;
				GCC_WARN_UNDECLARED_SELECTOR = YES;
				GCC_WARN_UNINITIALIZED_AUTOS = YES_AGGRESSIVE;
				GCC_WARN_UNUSED_FUNCTION = YES;
				GCC_WARN_UNUSED_VARIABLE = YES;
				IPHONEOS_DEPLOYMENT_TARGET = 14.0;
				MTL_ENABLE_DEBUG_INFO = INCLUDE_SOURCE;
				MTL_FAST_MATH = YES;
				ONLY_ACTIVE_ARCH = YES;
				SDKROOT = iphoneos;
				SWIFT_ACTIVE_COMPILATION_CONDITIONS = DEBUG;
				SWIFT_OPTIMIZATION_LEVEL = "-Onone";
			};
			name = Debug;
		};
		3F569042253E14E5006733A8 /* Release */ = {
			isa = XCBuildConfiguration;
			buildSettings = {
				ALWAYS_SEARCH_USER_PATHS = NO;
				CLANG_ANALYZER_NONNULL = YES;
				CLANG_ANALYZER_NUMBER_OBJECT_CONVERSION = YES_AGGRESSIVE;
				CLANG_CXX_LANGUAGE_STANDARD = "gnu++14";
				CLANG_CXX_LIBRARY = "libc++";
				CLANG_ENABLE_MODULES = YES;
				CLANG_ENABLE_OBJC_ARC = YES;
				CLANG_ENABLE_OBJC_WEAK = YES;
				CLANG_WARN_BLOCK_CAPTURE_AUTORELEASING = YES;
				CLANG_WARN_BOOL_CONVERSION = YES;
				CLANG_WARN_COMMA = YES;
				CLANG_WARN_CONSTANT_CONVERSION = YES;
				CLANG_WARN_DEPRECATED_OBJC_IMPLEMENTATIONS = YES;
				CLANG_WARN_DIRECT_OBJC_ISA_USAGE = YES_ERROR;
				CLANG_WARN_DOCUMENTATION_COMMENTS = YES;
				CLANG_WARN_EMPTY_BODY = YES;
				CLANG_WARN_ENUM_CONVERSION = YES;
				CLANG_WARN_INFINITE_RECURSION = YES;
				CLANG_WARN_INT_CONVERSION = YES;
				CLANG_WARN_NON_LITERAL_NULL_CONVERSION = YES;
				CLANG_WARN_OBJC_IMPLICIT_RETAIN_SELF = YES;
				CLANG_WARN_OBJC_LITERAL_CONVERSION = YES;
				CLANG_WARN_OBJC_ROOT_CLASS = YES_ERROR;
				CLANG_WARN_QUOTED_INCLUDE_IN_FRAMEWORK_HEADER = YES;
				CLANG_WARN_RANGE_LOOP_ANALYSIS = YES;
				CLANG_WARN_STRICT_PROTOTYPES = YES;
				CLANG_WARN_SUSPICIOUS_MOVE = YES;
				CLANG_WARN_UNGUARDED_AVAILABILITY = YES_AGGRESSIVE;
				CLANG_WARN_UNREACHABLE_CODE = YES;
				CLANG_WARN__DUPLICATE_METHOD_MATCH = YES;
				COPY_PHASE_STRIP = NO;
				DEBUG_INFORMATION_FORMAT = "dwarf-with-dsym";
				ENABLE_NS_ASSERTIONS = NO;
				ENABLE_STRICT_OBJC_MSGSEND = YES;
				GCC_C_LANGUAGE_STANDARD = gnu11;
				GCC_NO_COMMON_BLOCKS = YES;
				GCC_WARN_64_TO_32_BIT_CONVERSION = YES;
				GCC_WARN_ABOUT_RETURN_TYPE = YES_ERROR;
				GCC_WARN_UNDECLARED_SELECTOR = YES;
				GCC_WARN_UNINITIALIZED_AUTOS = YES_AGGRESSIVE;
				GCC_WARN_UNUSED_FUNCTION = YES;
				GCC_WARN_UNUSED_VARIABLE = YES;
				IPHONEOS_DEPLOYMENT_TARGET = 14.0;
				MTL_ENABLE_DEBUG_INFO = NO;
				MTL_FAST_MATH = YES;
				SDKROOT = iphoneos;
				SWIFT_COMPILATION_MODE = wholemodule;
				SWIFT_OPTIMIZATION_LEVEL = "-O";
				VALIDATE_PRODUCT = YES;
			};
			name = Release;
		};
		3F569044253E14E5006733A8 /* Debug */ = {
			isa = XCBuildConfiguration;
			buildSettings = {
				ASSETCATALOG_COMPILER_APPICON_NAME = AppIcon;
				ASSETCATALOG_COMPILER_GLOBAL_ACCENT_COLOR_NAME = AccentColor;
				CODE_SIGN_STYLE = Automatic;
				DEVELOPMENT_TEAM = Y54NAWB4WS;
				INFOPLIST_FILE = DogFetchTest/Info.plist;
				LD_RUNPATH_SEARCH_PATHS = (
					"$(inherited)",
					"@executable_path/Frameworks",
				);
				PRODUCT_BUNDLE_IDENTIFIER = wcgb.DogFetchTest;
				PRODUCT_NAME = "$(TARGET_NAME)";
				SWIFT_VERSION = 5.0;
				TARGETED_DEVICE_FAMILY = "1,2";
			};
			name = Debug;
		};
		3F569045253E14E5006733A8 /* Release */ = {
			isa = XCBuildConfiguration;
			buildSettings = {
				ASSETCATALOG_COMPILER_APPICON_NAME = AppIcon;
				ASSETCATALOG_COMPILER_GLOBAL_ACCENT_COLOR_NAME = AccentColor;
				CODE_SIGN_STYLE = Automatic;
				DEVELOPMENT_TEAM = Y54NAWB4WS;
				INFOPLIST_FILE = DogFetchTest/Info.plist;
				LD_RUNPATH_SEARCH_PATHS = (
					"$(inherited)",
					"@executable_path/Frameworks",
				);
				PRODUCT_BUNDLE_IDENTIFIER = wcgb.DogFetchTest;
				PRODUCT_NAME = "$(TARGET_NAME)";
				SWIFT_VERSION = 5.0;
				TARGETED_DEVICE_FAMILY = "1,2";
			};
			name = Release;
		};
/* End XCBuildConfiguration section */

/* Begin XCConfigurationList section */
		3F56902A253E14E4006733A8 /* Build configuration list for PBXProject "DogFetchTest" */ = {
			isa = XCConfigurationList;
			buildConfigurations = (
				3F569041253E14E5006733A8 /* Debug */,
				3F569042253E14E5006733A8 /* Release */,
			);
			defaultConfigurationIsVisible = 0;
			defaultConfigurationName = Release;
		};
		3F569043253E14E5006733A8 /* Build configuration list for PBXNativeTarget "DogFetchTest" */ = {
			isa = XCConfigurationList;
			buildConfigurations = (
				3F569044253E14E5006733A8 /* Debug */,
				3F569045253E14E5006733A8 /* Release */,
			);
			defaultConfigurationIsVisible = 0;
			defaultConfigurationName = Release;
		};
/* End XCConfigurationList section */
	};
	rootObject = 3F569027253E14E4006733A8 /* Project object */;
}
